
Microsoft Visual Studio Solution File, Format Version 12.00
# Visual Studio 15
VisualStudioVersion = 15.0.28307.271
MinimumVisualStudioVersion = 10.0.40219.1
Project("{FAE04EC0-301F-11D3-BF4B-00C04F79EFBC}") = "WcfService", "WcfService\WcfService.csproj", "{5BE35FF9-BCAE-4668-8E6C-80E9AC5F1418}"
EndProject
Project("{FAE04EC0-301F-11D3-BF4B-00C04F79EFBC}") = "WcfMVC", "WcfMVC\WcfMVC.csproj", "{C24A1DB1-D719-4554-A96E-0A857701B6F9}"
	ProjectSection(ProjectDependencies) = postProject
		{5BE35FF9-BCAE-4668-8E6C-80E9AC5F1418} = {5BE35FF9-BCAE-4668-8E6C-80E9AC5F1418}
	EndProjectSection
EndProject
Global
	GlobalSection(SolutionConfigurationPlatforms) = preSolution
		Debug|Any CPU = Debug|Any CPU
		Release|Any CPU = Release|Any CPU
	EndGlobalSection
	GlobalSection(ProjectConfigurationPlatforms) = postSolution
		{5BE35FF9-BCAE-4668-8E6C-80E9AC5F1418}.Debug|Any CPU.ActiveCfg = Debug|Any CPU
		{5BE35FF9-BCAE-4668-8E6C-80E9AC5F1418}.Debug|Any CPU.Build.0 = Debug|Any CPU
		{5BE35FF9-BCAE-4668-8E6C-80E9AC5F1418}.Release|Any CPU.ActiveCfg = Release|Any CPU
		{5BE35FF9-BCAE-4668-8E6C-80E9AC5F1418}.Release|Any CPU.Build.0 = Release|Any CPU
		{C24A1DB1-D719-4554-A96E-0A857701B6F9}.Debug|Any CPU.ActiveCfg = Debug|Any CPU
		{C24A1DB1-D719-4554-A96E-0A857701B6F9}.Debug|Any CPU.Build.0 = Debug|Any CPU
		{C24A1DB1-D719-4554-A96E-0A857701B6F9}.Release|Any CPU.ActiveCfg = Release|Any CPU
		{C24A1DB1-D719-4554-A96E-0A857701B6F9}.Release|Any CPU.Build.0 = Release|Any CPU
	EndGlobalSection
	GlobalSection(SolutionProperties) = preSolution
		HideSolutionNode = FALSE
	EndGlobalSection
	GlobalSection(ExtensibilityGlobals) = postSolution
		SolutionGuid = {D555AF85-1AA2-471D-8E57-382541AE555B}
	EndGlobalSection
EndGlobal
